// !$*UTF8*$!
{
	archiveVersion = 1;
	classes = {
	};
	objectVersion = 51;
	objects = {

/* Begin PBXBuildFile section */
		69D9E427A1E0707AA5B56B07 /* Pods_Orbit.framework in Frameworks */ = {isa = PBXBuildFile; fileRef = D0A5F8DED9CE272BC13A1BF2 /* Pods_Orbit.framework */; };
		8E144956244FA26B00D3B289 /* TransitionController.swift in Sources */ = {isa = PBXBuildFile; fileRef = 8E144955244FA26B00D3B289 /* TransitionController.swift */; };
		8E144958244FB20D00D3B289 /* BEMCheckBox.swift in Sources */ = {isa = PBXBuildFile; fileRef = 8E144957244FB20D00D3B289 /* BEMCheckBox.swift */; };
		8E14495A244FB32700D3B289 /* BEMPathManager.swift in Sources */ = {isa = PBXBuildFile; fileRef = 8E144959244FB32700D3B289 /* BEMPathManager.swift */; };
		8E14495C244FB35A00D3B289 /* BEMCheckBoxGroup.swift in Sources */ = {isa = PBXBuildFile; fileRef = 8E14495B244FB35A00D3B289 /* BEMCheckBoxGroup.swift */; };
		8E14495E244FB3B000D3B289 /* BEMAnimationManager.swift in Sources */ = {isa = PBXBuildFile; fileRef = 8E14495D244FB3B000D3B289 /* BEMAnimationManager.swift */; };
		8E144962244FC5CF00D3B289 /* Default-568h@2x.png in Resources */ = {isa = PBXBuildFile; fileRef = 8E144961244FC5CF00D3B289 /* Default-568h@2x.png */; };
		C83C52DF241EE399003FC073 /* LoginViewController.swift in Sources */ = {isa = PBXBuildFile; fileRef = C83C52DE241EE398003FC073 /* LoginViewController.swift */; };
		C83C52E2241EE423003FC073 /* BaseViewController.swift in Sources */ = {isa = PBXBuildFile; fileRef = C83C52E1241EE423003FC073 /* BaseViewController.swift */; };
		C83C52E4241EE443003FC073 /* Theme.swift in Sources */ = {isa = PBXBuildFile; fileRef = C83C52E3241EE443003FC073 /* Theme.swift */; };
		C83C52E6241EE49A003FC073 /* FormTextField.swift in Sources */ = {isa = PBXBuildFile; fileRef = C83C52E5241EE49A003FC073 /* FormTextField.swift */; };
		C83C52E8241EE4CC003FC073 /* PaddedTextField.swift in Sources */ = {isa = PBXBuildFile; fileRef = C83C52E7241EE4CC003FC073 /* PaddedTextField.swift */; };
		C83C52EA241EE704003FC073 /* UIViewControllerExtension.swift in Sources */ = {isa = PBXBuildFile; fileRef = C83C52E9241EE704003FC073 /* UIViewControllerExtension.swift */; };
		C8C4BD49241D663B00164AAE /* AppDelegate.swift in Sources */ = {isa = PBXBuildFile; fileRef = C8C4BD48241D663B00164AAE /* AppDelegate.swift */; };
		C8C4BD4B241D663B00164AAE /* SceneDelegate.swift in Sources */ = {isa = PBXBuildFile; fileRef = C8C4BD4A241D663B00164AAE /* SceneDelegate.swift */; };
		C8C4BD4D241D663B00164AAE /* MainController.swift in Sources */ = {isa = PBXBuildFile; fileRef = C8C4BD4C241D663B00164AAE /* MainController.swift */; };
		C8C4BD4F241D663E00164AAE /* Assets.xcassets in Resources */ = {isa = PBXBuildFile; fileRef = C8C4BD4E241D663E00164AAE /* Assets.xcassets */; };
		C8C4BD52241D663E00164AAE /* LaunchScreen.storyboard in Resources */ = {isa = PBXBuildFile; fileRef = C8C4BD50241D663E00164AAE /* LaunchScreen.storyboard */; };
		C8E716A6244F8E5C003BCAF1 /* RegisterViewController.swift in Sources */ = {isa = PBXBuildFile; fileRef = C8E716A4244F8E5C003BCAF1 /* RegisterViewController.swift */; };
		C8E716A7244F8E5C003BCAF1 /* SessionViewController.swift in Sources */ = {isa = PBXBuildFile; fileRef = C8E716A5244F8E5C003BCAF1 /* SessionViewController.swift */; };
		C8E716A9244F8E82003BCAF1 /* PulseAnimation.swift in Sources */ = {isa = PBXBuildFile; fileRef = C8E716A8244F8E82003BCAF1 /* PulseAnimation.swift */; };
		C8E716AB244F8E8D003BCAF1 /* CircleView.swift in Sources */ = {isa = PBXBuildFile; fileRef = C8E716AA244F8E8D003BCAF1 /* CircleView.swift */; };
		C8E716AD244F8FCD003BCAF1 /* Session.swift in Sources */ = {isa = PBXBuildFile; fileRef = C8E716AC244F8FCD003BCAF1 /* Session.swift */; };
		C8E716B1244FAC18003BCAF1 /* SessionTableViewController.swift in Sources */ = {isa = PBXBuildFile; fileRef = C8E716B0244FAC18003BCAF1 /* SessionTableViewController.swift */; };
		C8E716B3244FAF3B003BCAF1 /* SessionTableViewCell.swift in Sources */ = {isa = PBXBuildFile; fileRef = C8E716B2244FAF3B003BCAF1 /* SessionTableViewCell.swift */; };
		C8E716B5244FBFEB003BCAF1 /* CycleLabelView.swift in Sources */ = {isa = PBXBuildFile; fileRef = C8E716B4244FBFEB003BCAF1 /* CycleLabelView.swift */; };
		C8E716B7244FC541003BCAF1 /* AddActivityViewController.swift in Sources */ = {isa = PBXBuildFile; fileRef = C8E716B6244FC541003BCAF1 /* AddActivityViewController.swift */; };
		C8E716BB2450D3C9003BCAF1 /* StartupViewController.swift in Sources */ = {isa = PBXBuildFile; fileRef = C8E716BA2450D3C9003BCAF1 /* StartupViewController.swift */; };
/* End PBXBuildFile section */

/* Begin PBXFileReference section */
		1D59FAEB3A28793410498EF8 /* Pods-Orbit.release.xcconfig */ = {isa = PBXFileReference; includeInIndex = 1; lastKnownFileType = text.xcconfig; name = "Pods-Orbit.release.xcconfig"; path = "Target Support Files/Pods-Orbit/Pods-Orbit.release.xcconfig"; sourceTree = "<group>"; };
		4EB38EB9049BA8A32BB5747E /* Pods-Orbit.debug.xcconfig */ = {isa = PBXFileReference; includeInIndex = 1; lastKnownFileType = text.xcconfig; name = "Pods-Orbit.debug.xcconfig"; path = "Target Support Files/Pods-Orbit/Pods-Orbit.debug.xcconfig"; sourceTree = "<group>"; };
		8E144955244FA26B00D3B289 /* TransitionController.swift */ = {isa = PBXFileReference; lastKnownFileType = sourcecode.swift; path = TransitionController.swift; sourceTree = "<group>"; };
		8E144957244FB20D00D3B289 /* BEMCheckBox.swift */ = {isa = PBXFileReference; lastKnownFileType = sourcecode.swift; path = BEMCheckBox.swift; sourceTree = "<group>"; };
		8E144959244FB32700D3B289 /* BEMPathManager.swift */ = {isa = PBXFileReference; lastKnownFileType = sourcecode.swift; path = BEMPathManager.swift; sourceTree = "<group>"; };
		8E14495B244FB35A00D3B289 /* BEMCheckBoxGroup.swift */ = {isa = PBXFileReference; lastKnownFileType = sourcecode.swift; path = BEMCheckBoxGroup.swift; sourceTree = "<group>"; };
		8E14495D244FB3B000D3B289 /* BEMAnimationManager.swift */ = {isa = PBXFileReference; lastKnownFileType = sourcecode.swift; path = BEMAnimationManager.swift; sourceTree = "<group>"; };
		8E144961244FC5CF00D3B289 /* Default-568h@2x.png */ = {isa = PBXFileReference; lastKnownFileType = image.png; path = "Default-568h@2x.png"; sourceTree = "<group>"; };
		C83C52DE241EE398003FC073 /* LoginViewController.swift */ = {isa = PBXFileReference; lastKnownFileType = sourcecode.swift; path = LoginViewController.swift; sourceTree = "<group>"; };
		C83C52E1241EE423003FC073 /* BaseViewController.swift */ = {isa = PBXFileReference; lastKnownFileType = sourcecode.swift; path = BaseViewController.swift; sourceTree = "<group>"; };
		C83C52E3241EE443003FC073 /* Theme.swift */ = {isa = PBXFileReference; lastKnownFileType = sourcecode.swift; path = Theme.swift; sourceTree = "<group>"; };
		C83C52E5241EE49A003FC073 /* FormTextField.swift */ = {isa = PBXFileReference; lastKnownFileType = sourcecode.swift; path = FormTextField.swift; sourceTree = "<group>"; };
		C83C52E7241EE4CC003FC073 /* PaddedTextField.swift */ = {isa = PBXFileReference; lastKnownFileType = sourcecode.swift; path = PaddedTextField.swift; sourceTree = "<group>"; };
		C83C52E9241EE704003FC073 /* UIViewControllerExtension.swift */ = {isa = PBXFileReference; lastKnownFileType = sourcecode.swift; path = UIViewControllerExtension.swift; sourceTree = "<group>"; };
		C8C4BD45241D663B00164AAE /* Orbit.app */ = {isa = PBXFileReference; explicitFileType = wrapper.application; includeInIndex = 0; path = Orbit.app; sourceTree = BUILT_PRODUCTS_DIR; };
		C8C4BD48241D663B00164AAE /* AppDelegate.swift */ = {isa = PBXFileReference; lastKnownFileType = sourcecode.swift; path = AppDelegate.swift; sourceTree = "<group>"; };
		C8C4BD4A241D663B00164AAE /* SceneDelegate.swift */ = {isa = PBXFileReference; lastKnownFileType = sourcecode.swift; path = SceneDelegate.swift; sourceTree = "<group>"; };
		C8C4BD4C241D663B00164AAE /* MainController.swift */ = {isa = PBXFileReference; lastKnownFileType = sourcecode.swift; path = MainController.swift; sourceTree = "<group>"; };
		C8C4BD4E241D663E00164AAE /* Assets.xcassets */ = {isa = PBXFileReference; lastKnownFileType = folder.assetcatalog; path = Assets.xcassets; sourceTree = "<group>"; };
		C8C4BD51241D663E00164AAE /* Base */ = {isa = PBXFileReference; lastKnownFileType = file.storyboard; name = Base; path = Base.lproj/LaunchScreen.storyboard; sourceTree = "<group>"; };
		C8E716A4244F8E5C003BCAF1 /* RegisterViewController.swift */ = {isa = PBXFileReference; fileEncoding = 4; lastKnownFileType = sourcecode.swift; name = RegisterViewController.swift; path = Orbit/RegisterViewController.swift; sourceTree = SOURCE_ROOT; };
		C8E716A5244F8E5C003BCAF1 /* SessionViewController.swift */ = {isa = PBXFileReference; fileEncoding = 4; lastKnownFileType = sourcecode.swift; name = SessionViewController.swift; path = Orbit/SessionViewController.swift; sourceTree = SOURCE_ROOT; };
		C8E716A8244F8E82003BCAF1 /* PulseAnimation.swift */ = {isa = PBXFileReference; fileEncoding = 4; lastKnownFileType = sourcecode.swift; path = PulseAnimation.swift; sourceTree = "<group>"; };
		C8E716AA244F8E8D003BCAF1 /* CircleView.swift */ = {isa = PBXFileReference; fileEncoding = 4; lastKnownFileType = sourcecode.swift; path = CircleView.swift; sourceTree = "<group>"; };
		C8E716AC244F8FCD003BCAF1 /* Session.swift */ = {isa = PBXFileReference; lastKnownFileType = sourcecode.swift; path = Session.swift; sourceTree = "<group>"; };
		C8E716B0244FAC18003BCAF1 /* SessionTableViewController.swift */ = {isa = PBXFileReference; lastKnownFileType = sourcecode.swift; path = SessionTableViewController.swift; sourceTree = "<group>"; };
		C8E716B2244FAF3B003BCAF1 /* SessionTableViewCell.swift */ = {isa = PBXFileReference; lastKnownFileType = sourcecode.swift; path = SessionTableViewCell.swift; sourceTree = "<group>"; };
		C8E716B4244FBFEB003BCAF1 /* CycleLabelView.swift */ = {isa = PBXFileReference; lastKnownFileType = sourcecode.swift; path = CycleLabelView.swift; sourceTree = "<group>"; };
		C8E716B6244FC541003BCAF1 /* AddActivityViewController.swift */ = {isa = PBXFileReference; lastKnownFileType = sourcecode.swift; path = AddActivityViewController.swift; sourceTree = "<group>"; };
		C8E716BA2450D3C9003BCAF1 /* StartupViewController.swift */ = {isa = PBXFileReference; lastKnownFileType = sourcecode.swift; path = StartupViewController.swift; sourceTree = "<group>"; };
		D0A5F8DED9CE272BC13A1BF2 /* Pods_Orbit.framework */ = {isa = PBXFileReference; explicitFileType = wrapper.framework; includeInIndex = 0; path = Pods_Orbit.framework; sourceTree = BUILT_PRODUCTS_DIR; };
/* End PBXFileReference section */

/* Begin PBXFrameworksBuildPhase section */
		C8C4BD42241D663B00164AAE /* Frameworks */ = {
			isa = PBXFrameworksBuildPhase;
			buildActionMask = 2147483647;
			files = (
				69D9E427A1E0707AA5B56B07 /* Pods_Orbit.framework in Frameworks */,
			);
			runOnlyForDeploymentPostprocessing = 0;
		};
/* End PBXFrameworksBuildPhase section */

/* Begin PBXGroup section */
		C2CEB96D53D8FA8FBBAE7D80 /* Pods */ = {
			isa = PBXGroup;
			children = (
				4EB38EB9049BA8A32BB5747E /* Pods-Orbit.debug.xcconfig */,
				1D59FAEB3A28793410498EF8 /* Pods-Orbit.release.xcconfig */,
			);
			path = Pods;
			sourceTree = "<group>";
		};
		C83C52E0241EE40E003FC073 /* Global */ = {
			isa = PBXGroup;
			children = (
				C8E716A8244F8E82003BCAF1 /* PulseAnimation.swift */,
				C83C52E1241EE423003FC073 /* BaseViewController.swift */,
				C83C52E3241EE443003FC073 /* Theme.swift */,
				C83C52E5241EE49A003FC073 /* FormTextField.swift */,
				C83C52E7241EE4CC003FC073 /* PaddedTextField.swift */,
				C83C52E9241EE704003FC073 /* UIViewControllerExtension.swift */,
				C8E716B4244FBFEB003BCAF1 /* CycleLabelView.swift */,
				8E144957244FB20D00D3B289 /* BEMCheckBox.swift */,
				8E144959244FB32700D3B289 /* BEMPathManager.swift */,
				8E14495B244FB35A00D3B289 /* BEMCheckBoxGroup.swift */,
				8E14495D244FB3B000D3B289 /* BEMAnimationManager.swift */,
			);
			path = Global;
			sourceTree = "<group>";
		};
		C8C4BD3C241D663B00164AAE = {
			isa = PBXGroup;
			children = (
				8E144961244FC5CF00D3B289 /* Default-568h@2x.png */,
				C8C4BD47241D663B00164AAE /* Orbit */,
				C8C4BD46241D663B00164AAE /* Products */,
				C2CEB96D53D8FA8FBBAE7D80 /* Pods */,
				E851A0123FE246BF0019A867 /* Frameworks */,
			);
			sourceTree = "<group>";
		};
		C8C4BD46241D663B00164AAE /* Products */ = {
			isa = PBXGroup;
			children = (
				C8C4BD45241D663B00164AAE /* Orbit.app */,
			);
			name = Products;
			sourceTree = "<group>";
		};
		C8C4BD47241D663B00164AAE /* Orbit */ = {
			isa = PBXGroup;
			children = (
				C8E716AA244F8E8D003BCAF1 /* CircleView.swift */,
				C8E716B6244FC541003BCAF1 /* AddActivityViewController.swift */,
				C8E716A4244F8E5C003BCAF1 /* RegisterViewController.swift */,
				C8E716A5244F8E5C003BCAF1 /* SessionViewController.swift */,
				C83C52E0241EE40E003FC073 /* Global */,
				C8C4BD48241D663B00164AAE /* AppDelegate.swift */,
				C8C4BD4A241D663B00164AAE /* SceneDelegate.swift */,
				C8C4BD4C241D663B00164AAE /* MainController.swift */,
				C8C4BD4E241D663E00164AAE /* Assets.xcassets */,
				C8C4BD50241D663E00164AAE /* LaunchScreen.storyboard */,
				8E144955244FA26B00D3B289 /* TransitionController.swift */,
				C83C52DE241EE398003FC073 /* LoginViewController.swift */,
				C8E716AC244F8FCD003BCAF1 /* Session.swift */,
				C8E716B0244FAC18003BCAF1 /* SessionTableViewController.swift */,
				C8E716B2244FAF3B003BCAF1 /* SessionTableViewCell.swift */,
				C8E716BA2450D3C9003BCAF1 /* StartupViewController.swift */,
			);
			path = Orbit;
			sourceTree = "<group>";
		};
		E851A0123FE246BF0019A867 /* Frameworks */ = {
			isa = PBXGroup;
			children = (
				D0A5F8DED9CE272BC13A1BF2 /* Pods_Orbit.framework */,
			);
			name = Frameworks;
			sourceTree = "<group>";
		};
/* End PBXGroup section */

/* Begin PBXNativeTarget section */
		C8C4BD44241D663B00164AAE /* Orbit */ = {
			isa = PBXNativeTarget;
			buildConfigurationList = C8C4BD56241D663E00164AAE /* Build configuration list for PBXNativeTarget "Orbit" */;
			buildPhases = (
				A523FCA823DDF841E8A5A0E5 /* [CP] Check Pods Manifest.lock */,
				C8C4BD41241D663B00164AAE /* Sources */,
				C8C4BD42241D663B00164AAE /* Frameworks */,
				C8C4BD43241D663B00164AAE /* Resources */,
				348BE55D852A97D44E208310 /* [CP] Embed Pods Frameworks */,
			);
			buildRules = (
			);
			dependencies = (
			);
			name = Orbit;
			productName = Orbit;
			productReference = C8C4BD45241D663B00164AAE /* Orbit.app */;
			productType = "com.apple.product-type.application";
		};
/* End PBXNativeTarget section */

/* Begin PBXProject section */
		C8C4BD3D241D663B00164AAE /* Project object */ = {
			isa = PBXProject;
			attributes = {
				LastSwiftUpdateCheck = 1120;
				LastUpgradeCheck = 1120;
				ORGANIZATIONNAME = "Georgia State University";
				TargetAttributes = {
					C8C4BD44241D663B00164AAE = {
						CreatedOnToolsVersion = 11.2.1;
					};
				};
			};
			buildConfigurationList = C8C4BD40241D663B00164AAE /* Build configuration list for PBXProject "Orbit" */;
			compatibilityVersion = "Xcode 9.3";
			developmentRegion = en;
			hasScannedForEncodings = 0;
			knownRegions = (
				en,
				Base,
			);
			mainGroup = C8C4BD3C241D663B00164AAE;
			productRefGroup = C8C4BD46241D663B00164AAE /* Products */;
			projectDirPath = "";
			projectRoot = "";
			targets = (
				C8C4BD44241D663B00164AAE /* Orbit */,
			);
		};
/* End PBXProject section */

/* Begin PBXResourcesBuildPhase section */
		C8C4BD43241D663B00164AAE /* Resources */ = {
			isa = PBXResourcesBuildPhase;
			buildActionMask = 2147483647;
			files = (
				C8C4BD4F241D663E00164AAE /* Assets.xcassets in Resources */,
				C8C4BD52241D663E00164AAE /* LaunchScreen.storyboard in Resources */,
				8E144962244FC5CF00D3B289 /* Default-568h@2x.png in Resources */,
			);
			runOnlyForDeploymentPostprocessing = 0;
		};
/* End PBXResourcesBuildPhase section */

/* Begin PBXShellScriptBuildPhase section */
		348BE55D852A97D44E208310 /* [CP] Embed Pods Frameworks */ = {
			isa = PBXShellScriptBuildPhase;
			buildActionMask = 2147483647;
			files = (
			);
			inputFileListPaths = (
				"${PODS_ROOT}/Target Support Files/Pods-Orbit/Pods-Orbit-frameworks-${CONFIGURATION}-input-files.xcfilelist",
			);
			name = "[CP] Embed Pods Frameworks";
			outputFileListPaths = (
				"${PODS_ROOT}/Target Support Files/Pods-Orbit/Pods-Orbit-frameworks-${CONFIGURATION}-output-files.xcfilelist",
			);
			runOnlyForDeploymentPostprocessing = 0;
			shellPath = /bin/sh;
			shellScript = "\"${PODS_ROOT}/Target Support Files/Pods-Orbit/Pods-Orbit-frameworks.sh\"\n";
			showEnvVarsInLog = 0;
		};
		A523FCA823DDF841E8A5A0E5 /* [CP] Check Pods Manifest.lock */ = {
			isa = PBXShellScriptBuildPhase;
			buildActionMask = 2147483647;
			files = (
			);
			inputFileListPaths = (
			);
			inputPaths = (
				"${PODS_PODFILE_DIR_PATH}/Podfile.lock",
				"${PODS_ROOT}/Manifest.lock",
			);
			name = "[CP] Check Pods Manifest.lock";
			outputFileListPaths = (
			);
			outputPaths = (
				"$(DERIVED_FILE_DIR)/Pods-Orbit-checkManifestLockResult.txt",
			);
			runOnlyForDeploymentPostprocessing = 0;
			shellPath = /bin/sh;
			shellScript = "diff \"${PODS_PODFILE_DIR_PATH}/Podfile.lock\" \"${PODS_ROOT}/Manifest.lock\" > /dev/null\nif [ $? != 0 ] ; then\n    # print error to STDERR\n    echo \"error: The sandbox is not in sync with the Podfile.lock. Run 'pod install' or update your CocoaPods installation.\" >&2\n    exit 1\nfi\n# This output is used by Xcode 'outputs' to avoid re-running this script phase.\necho \"SUCCESS\" > \"${SCRIPT_OUTPUT_FILE_0}\"\n";
			showEnvVarsInLog = 0;
		};
/* End PBXShellScriptBuildPhase section */

/* Begin PBXSourcesBuildPhase section */
		C8C4BD41241D663B00164AAE /* Sources */ = {
			isa = PBXSourcesBuildPhase;
			buildActionMask = 2147483647;
			files = (
				C8E716AD244F8FCD003BCAF1 /* Session.swift in Sources */,
				C83C52E2241EE423003FC073 /* BaseViewController.swift in Sources */,
				C8E716B1244FAC18003BCAF1 /* SessionTableViewController.swift in Sources */,
				C8E716BB2450D3C9003BCAF1 /* StartupViewController.swift in Sources */,
				C8E716B7244FC541003BCAF1 /* AddActivityViewController.swift in Sources */,
				C8E716B5244FBFEB003BCAF1 /* CycleLabelView.swift in Sources */,
				C8E716A6244F8E5C003BCAF1 /* RegisterViewController.swift in Sources */,
				C8C4BD4D241D663B00164AAE /* MainController.swift in Sources */,
				8E14495E244FB3B000D3B289 /* BEMAnimationManager.swift in Sources */,
				C83C52EA241EE704003FC073 /* UIViewControllerExtension.swift in Sources */,
				8E144958244FB20D00D3B289 /* BEMCheckBox.swift in Sources */,
				8E144956244FA26B00D3B289 /* TransitionController.swift in Sources */,
				C8E716A9244F8E82003BCAF1 /* PulseAnimation.swift in Sources */,
				8E14495C244FB35A00D3B289 /* BEMCheckBoxGroup.swift in Sources */,
				C83C52DF241EE399003FC073 /* LoginViewController.swift in Sources */,
				C83C52E8241EE4CC003FC073 /* PaddedTextField.swift in Sources */,
				C83C52E6241EE49A003FC073 /* FormTextField.swift in Sources */,
				C8E716AB244F8E8D003BCAF1 /* CircleView.swift in Sources */,
				8E14495A244FB32700D3B289 /* BEMPathManager.swift in Sources */,
				C83C52E4241EE443003FC073 /* Theme.swift in Sources */,
				C8E716B3244FAF3B003BCAF1 /* SessionTableViewCell.swift in Sources */,
				C8E716A7244F8E5C003BCAF1 /* SessionViewController.swift in Sources */,
				C8C4BD49241D663B00164AAE /* AppDelegate.swift in Sources */,
				C8C4BD4B241D663B00164AAE /* SceneDelegate.swift in Sources */,
			);
			runOnlyForDeploymentPostprocessing = 0;
		};
/* End PBXSourcesBuildPhase section */

/* Begin PBXVariantGroup section */
		C8C4BD50241D663E00164AAE /* LaunchScreen.storyboard */ = {
			isa = PBXVariantGroup;
			children = (
				C8C4BD51241D663E00164AAE /* Base */,
			);
			name = LaunchScreen.storyboard;
			sourceTree = "<group>";
		};
/* End PBXVariantGroup section */

/* Begin XCBuildConfiguration section */
		C8C4BD54241D663E00164AAE /* Debug */ = {
			isa = XCBuildConfiguration;
			buildSettings = {
				ALWAYS_SEARCH_USER_PATHS = NO;
				CLANG_ANALYZER_NONNULL = YES;
				CLANG_ANALYZER_NUMBER_OBJECT_CONVERSION = YES_AGGRESSIVE;
				CLANG_CXX_LANGUAGE_STANDARD = "gnu++14";
				CLANG_CXX_LIBRARY = "libc++";
				CLANG_ENABLE_MODULES = YES;
				CLANG_ENABLE_OBJC_ARC = YES;
				CLANG_ENABLE_OBJC_WEAK = YES;
				CLANG_WARN_BLOCK_CAPTURE_AUTORELEASING = YES;
				CLANG_WARN_BOOL_CONVERSION = YES;
				CLANG_WARN_COMMA = YES;
				CLANG_WARN_CONSTANT_CONVERSION = YES;
				CLANG_WARN_DEPRECATED_OBJC_IMPLEMENTATIONS = YES;
				CLANG_WARN_DIRECT_OBJC_ISA_USAGE = YES_ERROR;
				CLANG_WARN_DOCUMENTATION_COMMENTS = YES;
				CLANG_WARN_EMPTY_BODY = YES;
				CLANG_WARN_ENUM_CONVERSION = YES;
				CLANG_WARN_INFINITE_RECURSION = YES;
				CLANG_WARN_INT_CONVERSION = YES;
				CLANG_WARN_NON_LITERAL_NULL_CONVERSION = YES;
				CLANG_WARN_OBJC_IMPLICIT_RETAIN_SELF = YES;
				CLANG_WARN_OBJC_LITERAL_CONVERSION = YES;
				CLANG_WARN_OBJC_ROOT_CLASS = YES_ERROR;
				CLANG_WARN_RANGE_LOOP_ANALYSIS = YES;
				CLANG_WARN_STRICT_PROTOTYPES = YES;
				CLANG_WARN_SUSPICIOUS_MOVE = YES;
				CLANG_WARN_UNGUARDED_AVAILABILITY = YES_AGGRESSIVE;
				CLANG_WARN_UNREACHABLE_CODE = YES;
				CLANG_WARN__DUPLICATE_METHOD_MATCH = YES;
				COPY_PHASE_STRIP = NO;
				DEBUG_INFORMATION_FORMAT = dwarf;
				ENABLE_STRICT_OBJC_MSGSEND = YES;
				ENABLE_TESTABILITY = YES;
				GCC_C_LANGUAGE_STANDARD = gnu11;
				GCC_DYNAMIC_NO_PIC = NO;
				GCC_NO_COMMON_BLOCKS = YES;
				GCC_OPTIMIZATION_LEVEL = 0;
				GCC_PREPROCESSOR_DEFINITIONS = (
					"DEBUG=1",
					"$(inherited)",
				);
				GCC_WARN_64_TO_32_BIT_CONVERSION = YES;
				GCC_WARN_ABOUT_RETURN_TYPE = YES_ERROR;
				GCC_WARN_UNDECLARED_SELECTOR = YES;
				GCC_WARN_UNINITIALIZED_AUTOS = YES_AGGRESSIVE;
				GCC_WARN_UNUSED_FUNCTION = YES;
				GCC_WARN_UNUSED_VARIABLE = YES;
				IPHONEOS_DEPLOYMENT_TARGET = 12.0;
				MTL_ENABLE_DEBUG_INFO = INCLUDE_SOURCE;
				MTL_FAST_MATH = YES;
				ONLY_ACTIVE_ARCH = YES;
				SDKROOT = iphoneos;
				SWIFT_ACTIVE_COMPILATION_CONDITIONS = DEBUG;
				SWIFT_OPTIMIZATION_LEVEL = "-Onone";
			};
			name = Debug;
		};
		C8C4BD55241D663E00164AAE /* Release */ = {
			isa = XCBuildConfiguration;
			buildSettings = {
				ALWAYS_SEARCH_USER_PATHS = NO;
				CLANG_ANALYZER_NONNULL = YES;
				CLANG_ANALYZER_NUMBER_OBJECT_CONVERSION = YES_AGGRESSIVE;
				CLANG_CXX_LANGUAGE_STANDARD = "gnu++14";
				CLANG_CXX_LIBRARY = "libc++";
				CLANG_ENABLE_MODULES = YES;
				CLANG_ENABLE_OBJC_ARC = YES;
				CLANG_ENABLE_OBJC_WEAK = YES;
				CLANG_WARN_BLOCK_CAPTURE_AUTORELEASING = YES;
				CLANG_WARN_BOOL_CONVERSION = YES;
				CLANG_WARN_COMMA = YES;
				CLANG_WARN_CONSTANT_CONVERSION = YES;
				CLANG_WARN_DEPRECATED_OBJC_IMPLEMENTATIONS = YES;
				CLANG_WARN_DIRECT_OBJC_ISA_USAGE = YES_ERROR;
				CLANG_WARN_DOCUMENTATION_COMMENTS = YES;
				CLANG_WARN_EMPTY_BODY = YES;
				CLANG_WARN_ENUM_CONVERSION = YES;
				CLANG_WARN_INFINITE_RECURSION = YES;
				CLANG_WARN_INT_CONVERSION = YES;
				CLANG_WARN_NON_LITERAL_NULL_CONVERSION = YES;
				CLANG_WARN_OBJC_IMPLICIT_RETAIN_SELF = YES;
				CLANG_WARN_OBJC_LITERAL_CONVERSION = YES;
				CLANG_WARN_OBJC_ROOT_CLASS = YES_ERROR;
				CLANG_WARN_RANGE_LOOP_ANALYSIS = YES;
				CLANG_WARN_STRICT_PROTOTYPES = YES;
				CLANG_WARN_SUSPICIOUS_MOVE = YES;
				CLANG_WARN_UNGUARDED_AVAILABILITY = YES_AGGRESSIVE;
				CLANG_WARN_UNREACHABLE_CODE = YES;
				CLANG_WARN__DUPLICATE_METHOD_MATCH = YES;
				COPY_PHASE_STRIP = NO;
				DEBUG_INFORMATION_FORMAT = "dwarf-with-dsym";
				ENABLE_NS_ASSERTIONS = NO;
				ENABLE_STRICT_OBJC_MSGSEND = YES;
				GCC_C_LANGUAGE_STANDARD = gnu11;
				GCC_NO_COMMON_BLOCKS = YES;
				GCC_WARN_64_TO_32_BIT_CONVERSION = YES;
				GCC_WARN_ABOUT_RETURN_TYPE = YES_ERROR;
				GCC_WARN_UNDECLARED_SELECTOR = YES;
				GCC_WARN_UNINITIALIZED_AUTOS = YES_AGGRESSIVE;
				GCC_WARN_UNUSED_FUNCTION = YES;
				GCC_WARN_UNUSED_VARIABLE = YES;
				IPHONEOS_DEPLOYMENT_TARGET = 12.0;
				MTL_ENABLE_DEBUG_INFO = NO;
				MTL_FAST_MATH = YES;
				SDKROOT = iphoneos;
				SWIFT_COMPILATION_MODE = wholemodule;
				SWIFT_OPTIMIZATION_LEVEL = "-O";
				VALIDATE_PRODUCT = YES;
			};
			name = Release;
		};
		C8C4BD57241D663E00164AAE /* Debug */ = {
			isa = XCBuildConfiguration;
			baseConfigurationReference = 4EB38EB9049BA8A32BB5747E /* Pods-Orbit.debug.xcconfig */;
			buildSettings = {
				ASSETCATALOG_COMPILER_APPICON_NAME = AppIcon;
				CODE_SIGN_STYLE = Automatic;
				DEVELOPMENT_TEAM = MXX672GV69;
				INFOPLIST_FILE = Orbit/Info.plist;
				LD_RUNPATH_SEARCH_PATHS = (
					"$(inherited)",
					"@executable_path/Frameworks",
				);
				PRODUCT_BUNDLE_IDENTIFIER = com.gastate.orbit.Orbit;
				PRODUCT_NAME = "$(TARGET_NAME)";
				SWIFT_VERSION = 5.0;
				TARGETED_DEVICE_FAMILY = "1,2";
			};
			name = Debug;
		};
		C8C4BD58241D663E00164AAE /* Release */ = {
			isa = XCBuildConfiguration;
			baseConfigurationReference = 1D59FAEB3A28793410498EF8 /* Pods-Orbit.release.xcconfig */;
			buildSettings = {
				ASSETCATALOG_COMPILER_APPICON_NAME = AppIcon;
				CODE_SIGN_STYLE = Automatic;
				DEVELOPMENT_TEAM = MXX672GV69;
				INFOPLIST_FILE = Orbit/Info.plist;
				LD_RUNPATH_SEARCH_PATHS = (
					"$(inherited)",
					"@executable_path/Frameworks",
				);
				PRODUCT_BUNDLE_IDENTIFIER = com.gastate.orbit.Orbit;
				PRODUCT_NAME = "$(TARGET_NAME)";
				SWIFT_VERSION = 5.0;
				TARGETED_DEVICE_FAMILY = "1,2";
			};
			name = Release;
		};
/* End XCBuildConfiguration section */

/* Begin XCConfigurationList section */
		C8C4BD40241D663B00164AAE /* Build configuration list for PBXProject "Orbit" */ = {
			isa = XCConfigurationList;
			buildConfigurations = (
				C8C4BD54241D663E00164AAE /* Debug */,
				C8C4BD55241D663E00164AAE /* Release */,
			);
			defaultConfigurationIsVisible = 0;
			defaultConfigurationName = Release;
		};
		C8C4BD56241D663E00164AAE /* Build configuration list for PBXNativeTarget "Orbit" */ = {
			isa = XCConfigurationList;
			buildConfigurations = (
				C8C4BD57241D663E00164AAE /* Debug */,
				C8C4BD58241D663E00164AAE /* Release */,
			);
			defaultConfigurationIsVisible = 0;
			defaultConfigurationName = Release;
		};
/* End XCConfigurationList section */
	};
	rootObject = C8C4BD3D241D663B00164AAE /* Project object */;
}
